// !$*UTF8*$!
{
	archiveVersion = 1;
	classes = {
	};
	objectVersion = 48;
	objects = {

/* Begin PBXBuildFile section */
		E9248F962043AE72005FDA30 /* CircleSuper.m in Sources */ = {isa = PBXBuildFile; fileRef = E9248F952043AE72005FDA30 /* CircleSuper.m */; };
		E9248F992043B1E0005FDA30 /* ShapeAbstract.m in Sources */ = {isa = PBXBuildFile; fileRef = E9248F982043B1E0005FDA30 /* ShapeAbstract.m */; };
		E9353B872043A2210048F39F /* RedCircle.m in Sources */ = {isa = PBXBuildFile; fileRef = E9353B862043A2210048F39F /* RedCircle.m */; };
		E9353B8A2043A2940048F39F /* GreenCircle.m in Sources */ = {isa = PBXBuildFile; fileRef = E9353B892043A2940048F39F /* GreenCircle.m */; };
		E96642C420413B7C0000ADF6 /* VlcPlayer.m in Sources */ = {isa = PBXBuildFile; fileRef = E96642C320413B7C0000ADF6 /* VlcPlayer.m */; };
		E96642C720413BD90000ADF6 /* Mp4Player.m in Sources */ = {isa = PBXBuildFile; fileRef = E96642C620413BD90000ADF6 /* Mp4Player.m */; };
		E96642CA20413C260000ADF6 /* MediaAdapter.m in Sources */ = {isa = PBXBuildFile; fileRef = E96642C920413C260000ADF6 /* MediaAdapter.m */; };
		E96642CD2041407D0000ADF6 /* AudioPlayer.m in Sources */ = {isa = PBXBuildFile; fileRef = E96642CC2041407D0000ADF6 /* AudioPlayer.m */; };
		E993A38620301B6C007F0490 /* AppDelegate.m in Sources */ = {isa = PBXBuildFile; fileRef = E993A38520301B6C007F0490 /* AppDelegate.m */; };
		E993A38920301B6C007F0490 /* ViewController.m in Sources */ = {isa = PBXBuildFile; fileRef = E993A38820301B6C007F0490 /* ViewController.m */; };
		E993A38C20301B6C007F0490 /* Main.storyboard in Resources */ = {isa = PBXBuildFile; fileRef = E993A38A20301B6C007F0490 /* Main.storyboard */; };
		E993A38E20301B6C007F0490 /* Assets.xcassets in Resources */ = {isa = PBXBuildFile; fileRef = E993A38D20301B6C007F0490 /* Assets.xcassets */; };
		E993A39120301B6C007F0490 /* LaunchScreen.storyboard in Resources */ = {isa = PBXBuildFile; fileRef = E993A38F20301B6C007F0490 /* LaunchScreen.storyboard */; };
		E993A39420301B6C007F0490 /* main.m in Sources */ = {isa = PBXBuildFile; fileRef = E993A39320301B6C007F0490 /* main.m */; };
		E993A3C420302B8E007F0490 /* Circle.m in Sources */ = {isa = PBXBuildFile; fileRef = E993A3BC20302B6C007F0490 /* Circle.m */; };
		E993A3C520302B8E007F0490 /* ShapeManager.m in Sources */ = {isa = PBXBuildFile; fileRef = E993A3BE20302B6C007F0490 /* ShapeManager.m */; };
		E993A3C620302B8E007F0490 /* Square.m in Sources */ = {isa = PBXBuildFile; fileRef = E993A3BF20302B6C007F0490 /* Square.m */; };
		E993A3C720302B8E007F0490 /* Germ.m in Sources */ = {isa = PBXBuildFile; fileRef = E993A3C320302B74007F0490 /* Germ.m */; };
		E9B33C00203E9CB600831BF9 /* SUV.m in Sources */ = {isa = PBXBuildFile; fileRef = E9B33BFF203E9CB600831BF9 /* SUV.m */; };
		E9B33C03203E9CF400831BF9 /* Bus.m in Sources */ = {isa = PBXBuildFile; fileRef = E9B33C02203E9CF400831BF9 /* Bus.m */; };
		E9B33C06203E9D3F00831BF9 /* CarFactory.m in Sources */ = {isa = PBXBuildFile; fileRef = E9B33C05203E9D3F00831BF9 /* CarFactory.m */; };
		E9B33C0B203EA31F00831BF9 /* Red.m in Sources */ = {isa = PBXBuildFile; fileRef = E9B33C0A203EA31F00831BF9 /* Red.m */; };
		E9B33C0E203EA35E00831BF9 /* Blue.m in Sources */ = {isa = PBXBuildFile; fileRef = E9B33C0D203EA35E00831BF9 /* Blue.m */; };
		E9B33C11203EA3AF00831BF9 /* ColorFactory.m in Sources */ = {isa = PBXBuildFile; fileRef = E9B33C10203EA3AF00831BF9 /* ColorFactory.m */; };
		E9B33C14203EA42300831BF9 /* AbstractFactory.m in Sources */ = {isa = PBXBuildFile; fileRef = E9B33C13203EA42300831BF9 /* AbstractFactory.m */; };
		E9B33C1A203FAF1E00831BF9 /* Wrapper.m in Sources */ = {isa = PBXBuildFile; fileRef = E9B33C19203FAF1E00831BF9 /* Wrapper.m */; };
		E9B33C1D203FB00500831BF9 /* Bottle.m in Sources */ = {isa = PBXBuildFile; fileRef = E9B33C1C203FB00500831BF9 /* Bottle.m */; };
		E9B33C20203FB05300831BF9 /* Burger.m in Sources */ = {isa = PBXBuildFile; fileRef = E9B33C1F203FB05300831BF9 /* Burger.m */; };
		E9B33C25203FB2C300831BF9 /* ColdDrink.m in Sources */ = {isa = PBXBuildFile; fileRef = E9B33C24203FB2C300831BF9 /* ColdDrink.m */; };
		E9B33C28203FB33D00831BF9 /* VegBurger.m in Sources */ = {isa = PBXBuildFile; fileRef = E9B33C27203FB33D00831BF9 /* VegBurger.m */; };
		E9B33C2B203FB36E00831BF9 /* ChickenBurger.m in Sources */ = {isa = PBXBuildFile; fileRef = E9B33C2A203FB36E00831BF9 /* ChickenBurger.m */; };
		E9B33C2E203FB39B00831BF9 /* Coke.m in Sources */ = {isa = PBXBuildFile; fileRef = E9B33C2D203FB39B00831BF9 /* Coke.m */; };
		E9B33C31203FB3B300831BF9 /* Pepsi.m in Sources */ = {isa = PBXBuildFile; fileRef = E9B33C30203FB3B300831BF9 /* Pepsi.m */; };
		E9B33C34203FB3F800831BF9 /* Meal.m in Sources */ = {isa = PBXBuildFile; fileRef = E9B33C33203FB3F800831BF9 /* Meal.m */; };
		E9B33C37203FB5E100831BF9 /* ItemBase.m in Sources */ = {isa = PBXBuildFile; fileRef = E9B33C36203FB5E100831BF9 /* ItemBase.m */; };
		E9B33C3A203FB81900831BF9 /* MealBuilder.m in Sources */ = {isa = PBXBuildFile; fileRef = E9B33C39203FB81900831BF9 /* MealBuilder.m */; };
/* End PBXBuildFile section */

/* Begin PBXFileReference section */
		E9248F942043AE72005FDA30 /* CircleSuper.h */ = {isa = PBXFileReference; lastKnownFileType = sourcecode.c.h; path = CircleSuper.h; sourceTree = "<group>"; };
		E9248F952043AE72005FDA30 /* CircleSuper.m */ = {isa = PBXFileReference; lastKnownFileType = sourcecode.c.objc; path = CircleSuper.m; sourceTree = "<group>"; };
		E9248F972043B1E0005FDA30 /* ShapeAbstract.h */ = {isa = PBXFileReference; lastKnownFileType = sourcecode.c.h; path = ShapeAbstract.h; sourceTree = "<group>"; };
		E9248F982043B1E0005FDA30 /* ShapeAbstract.m */ = {isa = PBXFileReference; lastKnownFileType = sourcecode.c.objc; path = ShapeAbstract.m; sourceTree = "<group>"; };
		E9353B842043A1C70048F39F /* DrawAPI.h */ = {isa = PBXFileReference; lastKnownFileType = sourcecode.c.h; path = DrawAPI.h; sourceTree = "<group>"; };
		E9353B852043A2210048F39F /* RedCircle.h */ = {isa = PBXFileReference; lastKnownFileType = sourcecode.c.h; path = RedCircle.h; sourceTree = "<group>"; };
		E9353B862043A2210048F39F /* RedCircle.m */ = {isa = PBXFileReference; lastKnownFileType = sourcecode.c.objc; path = RedCircle.m; sourceTree = "<group>"; };
		E9353B882043A2940048F39F /* GreenCircle.h */ = {isa = PBXFileReference; lastKnownFileType = sourcecode.c.h; path = GreenCircle.h; sourceTree = "<group>"; };
		E9353B892043A2940048F39F /* GreenCircle.m */ = {isa = PBXFileReference; lastKnownFileType = sourcecode.c.objc; path = GreenCircle.m; sourceTree = "<group>"; };
		E96642C120413B420000ADF6 /* AdvancedMediaPlayer.h */ = {isa = PBXFileReference; lastKnownFileType = sourcecode.c.h; path = AdvancedMediaPlayer.h; sourceTree = "<group>"; };
		E96642C220413B7C0000ADF6 /* VlcPlayer.h */ = {isa = PBXFileReference; lastKnownFileType = sourcecode.c.h; path = VlcPlayer.h; sourceTree = "<group>"; };
		E96642C320413B7C0000ADF6 /* VlcPlayer.m */ = {isa = PBXFileReference; lastKnownFileType = sourcecode.c.objc; path = VlcPlayer.m; sourceTree = "<group>"; };
		E96642C520413BD90000ADF6 /* Mp4Player.h */ = {isa = PBXFileReference; lastKnownFileType = sourcecode.c.h; path = Mp4Player.h; sourceTree = "<group>"; };
		E96642C620413BD90000ADF6 /* Mp4Player.m */ = {isa = PBXFileReference; lastKnownFileType = sourcecode.c.objc; path = Mp4Player.m; sourceTree = "<group>"; };
		E96642C820413C260000ADF6 /* MediaAdapter.h */ = {isa = PBXFileReference; lastKnownFileType = sourcecode.c.h; path = MediaAdapter.h; sourceTree = "<group>"; };
		E96642C920413C260000ADF6 /* MediaAdapter.m */ = {isa = PBXFileReference; lastKnownFileType = sourcecode.c.objc; path = MediaAdapter.m; sourceTree = "<group>"; };
		E96642CB2041407D0000ADF6 /* AudioPlayer.h */ = {isa = PBXFileReference; lastKnownFileType = sourcecode.c.h; path = AudioPlayer.h; sourceTree = "<group>"; };
		E96642CC2041407D0000ADF6 /* AudioPlayer.m */ = {isa = PBXFileReference; lastKnownFileType = sourcecode.c.objc; path = AudioPlayer.m; sourceTree = "<group>"; };
		E97215F920413AA50013BB90 /* MediaPlayer.h */ = {isa = PBXFileReference; lastKnownFileType = sourcecode.c.h; path = MediaPlayer.h; sourceTree = "<group>"; };
		E993A38120301B6C007F0490 /* 设计模式.app */ = {isa = PBXFileReference; explicitFileType = wrapper.application; includeInIndex = 0; path = "设计模式.app"; sourceTree = BUILT_PRODUCTS_DIR; };
		E993A38420301B6C007F0490 /* AppDelegate.h */ = {isa = PBXFileReference; lastKnownFileType = sourcecode.c.h; path = AppDelegate.h; sourceTree = "<group>"; };
		E993A38520301B6C007F0490 /* AppDelegate.m */ = {isa = PBXFileReference; lastKnownFileType = sourcecode.c.objc; path = AppDelegate.m; sourceTree = "<group>"; };
		E993A38720301B6C007F0490 /* ViewController.h */ = {isa = PBXFileReference; lastKnownFileType = sourcecode.c.h; path = ViewController.h; sourceTree = "<group>"; };
		E993A38820301B6C007F0490 /* ViewController.m */ = {isa = PBXFileReference; lastKnownFileType = sourcecode.c.objc; path = ViewController.m; sourceTree = "<group>"; };
		E993A38B20301B6C007F0490 /* Base */ = {isa = PBXFileReference; lastKnownFileType = file.storyboard; name = Base; path = Base.lproj/Main.storyboard; sourceTree = "<group>"; };
		E993A38D20301B6C007F0490 /* Assets.xcassets */ = {isa = PBXFileReference; lastKnownFileType = folder.assetcatalog; path = Assets.xcassets; sourceTree = "<group>"; };
		E993A39020301B6C007F0490 /* Base */ = {isa = PBXFileReference; lastKnownFileType = file.storyboard; name = Base; path = Base.lproj/LaunchScreen.storyboard; sourceTree = "<group>"; };
		E993A39220301B6C007F0490 /* Info.plist */ = {isa = PBXFileReference; lastKnownFileType = text.plist.xml; path = Info.plist; sourceTree = "<group>"; };
		E993A39320301B6C007F0490 /* main.m */ = {isa = PBXFileReference; lastKnownFileType = sourcecode.c.objc; path = main.m; sourceTree = "<group>"; };
		E993A3BB20302B6C007F0490 /* Circle.h */ = {isa = PBXFileReference; lastKnownFileType = sourcecode.c.h; path = Circle.h; sourceTree = "<group>"; };
		E993A3BC20302B6C007F0490 /* Circle.m */ = {isa = PBXFileReference; lastKnownFileType = sourcecode.c.objc; path = Circle.m; sourceTree = "<group>"; };
		E993A3BD20302B6C007F0490 /* Square.h */ = {isa = PBXFileReference; lastKnownFileType = sourcecode.c.h; path = Square.h; sourceTree = "<group>"; };
		E993A3BE20302B6C007F0490 /* ShapeManager.m */ = {isa = PBXFileReference; lastKnownFileType = sourcecode.c.objc; path = ShapeManager.m; sourceTree = "<group>"; };
		E993A3BF20302B6C007F0490 /* Square.m */ = {isa = PBXFileReference; lastKnownFileType = sourcecode.c.objc; path = Square.m; sourceTree = "<group>"; };
		E993A3C020302B6C007F0490 /* Shape.h */ = {isa = PBXFileReference; lastKnownFileType = sourcecode.c.h; path = Shape.h; sourceTree = "<group>"; };
		E993A3C120302B6C007F0490 /* ShapeManager.h */ = {isa = PBXFileReference; lastKnownFileType = sourcecode.c.h; path = ShapeManager.h; sourceTree = "<group>"; };
		E993A3C220302B74007F0490 /* Germ.h */ = {isa = PBXFileReference; lastKnownFileType = sourcecode.c.h; path = Germ.h; sourceTree = "<group>"; };
		E993A3C320302B74007F0490 /* Germ.m */ = {isa = PBXFileReference; lastKnownFileType = sourcecode.c.objc; path = Germ.m; sourceTree = "<group>"; };
		E9B33BFD203E9C9600831BF9 /* Car.h */ = {isa = PBXFileReference; lastKnownFileType = sourcecode.c.h; path = Car.h; sourceTree = "<group>"; };
		E9B33BFE203E9CB600831BF9 /* SUV.h */ = {isa = PBXFileReference; lastKnownFileType = sourcecode.c.h; path = SUV.h; sourceTree = "<group>"; };
		E9B33BFF203E9CB600831BF9 /* SUV.m */ = {isa = PBXFileReference; lastKnownFileType = sourcecode.c.objc; path = SUV.m; sourceTree = "<group>"; };
		E9B33C01203E9CF400831BF9 /* Bus.h */ = {isa = PBXFileReference; lastKnownFileType = sourcecode.c.h; path = Bus.h; sourceTree = "<group>"; };
		E9B33C02203E9CF400831BF9 /* Bus.m */ = {isa = PBXFileReference; lastKnownFileType = sourcecode.c.objc; path = Bus.m; sourceTree = "<group>"; };
		E9B33C04203E9D3F00831BF9 /* CarFactory.h */ = {isa = PBXFileReference; lastKnownFileType = sourcecode.c.h; path = CarFactory.h; sourceTree = "<group>"; };
		E9B33C05203E9D3F00831BF9 /* CarFactory.m */ = {isa = PBXFileReference; lastKnownFileType = sourcecode.c.objc; path = CarFactory.m; sourceTree = "<group>"; };
		E9B33C08203EA30700831BF9 /* Color.h */ = {isa = PBXFileReference; lastKnownFileType = sourcecode.c.h; path = Color.h; sourceTree = "<group>"; };
		E9B33C09203EA31F00831BF9 /* Red.h */ = {isa = PBXFileReference; lastKnownFileType = sourcecode.c.h; path = Red.h; sourceTree = "<group>"; };
		E9B33C0A203EA31F00831BF9 /* Red.m */ = {isa = PBXFileReference; lastKnownFileType = sourcecode.c.objc; path = Red.m; sourceTree = "<group>"; };
		E9B33C0C203EA35E00831BF9 /* Blue.h */ = {isa = PBXFileReference; lastKnownFileType = sourcecode.c.h; path = Blue.h; sourceTree = "<group>"; };
		E9B33C0D203EA35E00831BF9 /* Blue.m */ = {isa = PBXFileReference; lastKnownFileType = sourcecode.c.objc; path = Blue.m; sourceTree = "<group>"; };
		E9B33C0F203EA3AF00831BF9 /* ColorFactory.h */ = {isa = PBXFileReference; lastKnownFileType = sourcecode.c.h; path = ColorFactory.h; sourceTree = "<group>"; };
		E9B33C10203EA3AF00831BF9 /* ColorFactory.m */ = {isa = PBXFileReference; lastKnownFileType = sourcecode.c.objc; path = ColorFactory.m; sourceTree = "<group>"; };
		E9B33C12203EA42300831BF9 /* AbstractFactory.h */ = {isa = PBXFileReference; lastKnownFileType = sourcecode.c.h; path = AbstractFactory.h; sourceTree = "<group>"; };
		E9B33C13203EA42300831BF9 /* AbstractFactory.m */ = {isa = PBXFileReference; lastKnownFileType = sourcecode.c.objc; path = AbstractFactory.m; sourceTree = "<group>"; };
		E9B33C16203FAE2800831BF9 /* Item.h */ = {isa = PBXFileReference; lastKnownFileType = sourcecode.c.h; path = Item.h; sourceTree = "<group>"; };
		E9B33C17203FAEFC00831BF9 /* Packing.h */ = {isa = PBXFileReference; lastKnownFileType = sourcecode.c.h; path = Packing.h; sourceTree = "<group>"; };
		E9B33C18203FAF1E00831BF9 /* Wrapper.h */ = {isa = PBXFileReference; lastKnownFileType = sourcecode.c.h; path = Wrapper.h; sourceTree = "<group>"; };
		E9B33C19203FAF1E00831BF9 /* Wrapper.m */ = {isa = PBXFileReference; lastKnownFileType = sourcecode.c.objc; path = Wrapper.m; sourceTree = "<group>"; };
		E9B33C1B203FB00500831BF9 /* Bottle.h */ = {isa = PBXFileReference; lastKnownFileType = sourcecode.c.h; path = Bottle.h; sourceTree = "<group>"; };
		E9B33C1C203FB00500831BF9 /* Bottle.m */ = {isa = PBXFileReference; lastKnownFileType = sourcecode.c.objc; path = Bottle.m; sourceTree = "<group>"; };
		E9B33C1E203FB05300831BF9 /* Burger.h */ = {isa = PBXFileReference; lastKnownFileType = sourcecode.c.h; path = Burger.h; sourceTree = "<group>"; };
		E9B33C1F203FB05300831BF9 /* Burger.m */ = {isa = PBXFileReference; lastKnownFileType = sourcecode.c.objc; path = Burger.m; sourceTree = "<group>"; };
		E9B33C23203FB2C300831BF9 /* ColdDrink.h */ = {isa = PBXFileReference; lastKnownFileType = sourcecode.c.h; path = ColdDrink.h; sourceTree = "<group>"; };
		E9B33C24203FB2C300831BF9 /* ColdDrink.m */ = {isa = PBXFileReference; lastKnownFileType = sourcecode.c.objc; path = ColdDrink.m; sourceTree = "<group>"; };
		E9B33C26203FB33D00831BF9 /* VegBurger.h */ = {isa = PBXFileReference; lastKnownFileType = sourcecode.c.h; path = VegBurger.h; sourceTree = "<group>"; };
		E9B33C27203FB33D00831BF9 /* VegBurger.m */ = {isa = PBXFileReference; lastKnownFileType = sourcecode.c.objc; path = VegBurger.m; sourceTree = "<group>"; };
		E9B33C29203FB36E00831BF9 /* ChickenBurger.h */ = {isa = PBXFileReference; lastKnownFileType = sourcecode.c.h; path = ChickenBurger.h; sourceTree = "<group>"; };
		E9B33C2A203FB36E00831BF9 /* ChickenBurger.m */ = {isa = PBXFileReference; lastKnownFileType = sourcecode.c.objc; path = ChickenBurger.m; sourceTree = "<group>"; };
		E9B33C2C203FB39B00831BF9 /* Coke.h */ = {isa = PBXFileReference; lastKnownFileType = sourcecode.c.h; path = Coke.h; sourceTree = "<group>"; };
		E9B33C2D203FB39B00831BF9 /* Coke.m */ = {isa = PBXFileReference; lastKnownFileType = sourcecode.c.objc; path = Coke.m; sourceTree = "<group>"; };
		E9B33C2F203FB3B300831BF9 /* Pepsi.h */ = {isa = PBXFileReference; lastKnownFileType = sourcecode.c.h; path = Pepsi.h; sourceTree = "<group>"; };
		E9B33C30203FB3B300831BF9 /* Pepsi.m */ = {isa = PBXFileReference; lastKnownFileType = sourcecode.c.objc; path = Pepsi.m; sourceTree = "<group>"; };
		E9B33C32203FB3F800831BF9 /* Meal.h */ = {isa = PBXFileReference; lastKnownFileType = sourcecode.c.h; path = Meal.h; sourceTree = "<group>"; };
		E9B33C33203FB3F800831BF9 /* Meal.m */ = {isa = PBXFileReference; lastKnownFileType = sourcecode.c.objc; path = Meal.m; sourceTree = "<group>"; };
		E9B33C35203FB5E100831BF9 /* ItemBase.h */ = {isa = PBXFileReference; lastKnownFileType = sourcecode.c.h; path = ItemBase.h; sourceTree = "<group>"; };
		E9B33C36203FB5E100831BF9 /* ItemBase.m */ = {isa = PBXFileReference; lastKnownFileType = sourcecode.c.objc; path = ItemBase.m; sourceTree = "<group>"; };
		E9B33C38203FB81900831BF9 /* MealBuilder.h */ = {isa = PBXFileReference; lastKnownFileType = sourcecode.c.h; path = MealBuilder.h; sourceTree = "<group>"; };
		E9B33C39203FB81900831BF9 /* MealBuilder.m */ = {isa = PBXFileReference; lastKnownFileType = sourcecode.c.objc; path = MealBuilder.m; sourceTree = "<group>"; };
/* End PBXFileReference section */

/* Begin PBXFrameworksBuildPhase section */
		E993A37E20301B6C007F0490 /* Frameworks */ = {
			isa = PBXFrameworksBuildPhase;
			buildActionMask = 2147483647;
			files = (
			);
			runOnlyForDeploymentPostprocessing = 0;
		};
/* End PBXFrameworksBuildPhase section */

/* Begin PBXGroup section */
		E9353B832043A1A60048F39F /* 桥接模式 */ = {
			isa = PBXGroup;
			children = (
				E9353B842043A1C70048F39F /* DrawAPI.h */,
				E9353B852043A2210048F39F /* RedCircle.h */,
				E9353B862043A2210048F39F /* RedCircle.m */,
				E9353B882043A2940048F39F /* GreenCircle.h */,
				E9353B892043A2940048F39F /* GreenCircle.m */,
				E9248F972043B1E0005FDA30 /* ShapeAbstract.h */,
				E9248F982043B1E0005FDA30 /* ShapeAbstract.m */,
				E9248F942043AE72005FDA30 /* CircleSuper.h */,
				E9248F952043AE72005FDA30 /* CircleSuper.m */,
			);
			path = "桥接模式";
			sourceTree = "<group>";
		};
		E97215F820413A800013BB90 /* 适配器模式 */ = {
			isa = PBXGroup;
			children = (
				E97215F920413AA50013BB90 /* MediaPlayer.h */,
				E96642C120413B420000ADF6 /* AdvancedMediaPlayer.h */,
				E96642C220413B7C0000ADF6 /* VlcPlayer.h */,
				E96642C320413B7C0000ADF6 /* VlcPlayer.m */,
				E96642C520413BD90000ADF6 /* Mp4Player.h */,
				E96642C620413BD90000ADF6 /* Mp4Player.m */,
				E96642C820413C260000ADF6 /* MediaAdapter.h */,
				E96642C920413C260000ADF6 /* MediaAdapter.m */,
				E96642CB2041407D0000ADF6 /* AudioPlayer.h */,
				E96642CC2041407D0000ADF6 /* AudioPlayer.m */,
			);
			path = "适配器模式";
			sourceTree = "<group>";
		};
		E993A37820301B6C007F0490 = {
			isa = PBXGroup;
			children = (
				E993A38320301B6C007F0490 /* 设计模式 */,
				E993A38220301B6C007F0490 /* Products */,
			);
			sourceTree = "<group>";
		};
		E993A38220301B6C007F0490 /* Products */ = {
			isa = PBXGroup;
			children = (
				E993A38120301B6C007F0490 /* 设计模式.app */,
			);
			name = Products;
			sourceTree = "<group>";
		};
		E993A38320301B6C007F0490 /* 设计模式 */ = {
			isa = PBXGroup;
			children = (
				E9353B832043A1A60048F39F /* 桥接模式 */,
				E97215F820413A800013BB90 /* 适配器模式 */,
				E9B33C15203FADFF00831BF9 /* 建造者模式 */,
				E9B33C07203EA2ED00831BF9 /* 抽象工厂模式 */,
				E9B33BFB203E996A00831BF9 /* 工厂模式 */,
				E993A3B020302B13007F0490 /* 外观模式 */,
				E993A3B820302B14007F0490 /* 原型模式 */,
				E993A38420301B6C007F0490 /* AppDelegate.h */,
				E993A38520301B6C007F0490 /* AppDelegate.m */,
				E993A38720301B6C007F0490 /* ViewController.h */,
				E993A38820301B6C007F0490 /* ViewController.m */,
				E993A38A20301B6C007F0490 /* Main.storyboard */,
				E993A38D20301B6C007F0490 /* Assets.xcassets */,
				E993A38F20301B6C007F0490 /* LaunchScreen.storyboard */,
				E993A39220301B6C007F0490 /* Info.plist */,
				E993A39320301B6C007F0490 /* main.m */,
			);
			path = "设计模式";
			sourceTree = "<group>";
		};
		E993A3B020302B13007F0490 /* 外观模式 */ = {
			isa = PBXGroup;
			children = (
				E993A3BB20302B6C007F0490 /* Circle.h */,
				E993A3BC20302B6C007F0490 /* Circle.m */,
				E993A3C020302B6C007F0490 /* Shape.h */,
				E993A3C120302B6C007F0490 /* ShapeManager.h */,
				E993A3BE20302B6C007F0490 /* ShapeManager.m */,
				E993A3BD20302B6C007F0490 /* Square.h */,
				E993A3BF20302B6C007F0490 /* Square.m */,
			);
			path = "外观模式";
			sourceTree = "<group>";
		};
		E993A3B820302B14007F0490 /* 原型模式 */ = {
			isa = PBXGroup;
			children = (
				E993A3C220302B74007F0490 /* Germ.h */,
				E993A3C320302B74007F0490 /* Germ.m */,
			);
			path = "原型模式";
			sourceTree = "<group>";
		};
		E9B33BFB203E996A00831BF9 /* 工厂模式 */ = {
			isa = PBXGroup;
			children = (
				E9B33BFD203E9C9600831BF9 /* Car.h */,
				E9B33BFE203E9CB600831BF9 /* SUV.h */,
				E9B33BFF203E9CB600831BF9 /* SUV.m */,
				E9B33C01203E9CF400831BF9 /* Bus.h */,
				E9B33C02203E9CF400831BF9 /* Bus.m */,
				E9B33C04203E9D3F00831BF9 /* CarFactory.h */,
				E9B33C05203E9D3F00831BF9 /* CarFactory.m */,
			);
			path = "工厂模式";
			sourceTree = "<group>";
		};
		E9B33C07203EA2ED00831BF9 /* 抽象工厂模式 */ = {
			isa = PBXGroup;
			children = (
				E9B33C08203EA30700831BF9 /* Color.h */,
				E9B33C09203EA31F00831BF9 /* Red.h */,
				E9B33C0A203EA31F00831BF9 /* Red.m */,
				E9B33C0C203EA35E00831BF9 /* Blue.h */,
				E9B33C0D203EA35E00831BF9 /* Blue.m */,
				E9B33C0F203EA3AF00831BF9 /* ColorFactory.h */,
				E9B33C10203EA3AF00831BF9 /* ColorFactory.m */,
				E9B33C12203EA42300831BF9 /* AbstractFactory.h */,
				E9B33C13203EA42300831BF9 /* AbstractFactory.m */,
			);
			path = "抽象工厂模式";
			sourceTree = "<group>";
		};
		E9B33C15203FADFF00831BF9 /* 建造者模式 */ = {
			isa = PBXGroup;
			children = (
				E9B33C16203FAE2800831BF9 /* Item.h */,
				E9B33C35203FB5E100831BF9 /* ItemBase.h */,
				E9B33C36203FB5E100831BF9 /* ItemBase.m */,
				E9B33C17203FAEFC00831BF9 /* Packing.h */,
				E9B33C18203FAF1E00831BF9 /* Wrapper.h */,
				E9B33C19203FAF1E00831BF9 /* Wrapper.m */,
				E9B33C1B203FB00500831BF9 /* Bottle.h */,
				E9B33C1C203FB00500831BF9 /* Bottle.m */,
				E9B33C1E203FB05300831BF9 /* Burger.h */,
				E9B33C1F203FB05300831BF9 /* Burger.m */,
				E9B33C23203FB2C300831BF9 /* ColdDrink.h */,
				E9B33C24203FB2C300831BF9 /* ColdDrink.m */,
				E9B33C26203FB33D00831BF9 /* VegBurger.h */,
				E9B33C27203FB33D00831BF9 /* VegBurger.m */,
				E9B33C29203FB36E00831BF9 /* ChickenBurger.h */,
				E9B33C2A203FB36E00831BF9 /* ChickenBurger.m */,
				E9B33C2C203FB39B00831BF9 /* Coke.h */,
				E9B33C2D203FB39B00831BF9 /* Coke.m */,
				E9B33C2F203FB3B300831BF9 /* Pepsi.h */,
				E9B33C30203FB3B300831BF9 /* Pepsi.m */,
				E9B33C32203FB3F800831BF9 /* Meal.h */,
				E9B33C33203FB3F800831BF9 /* Meal.m */,
				E9B33C38203FB81900831BF9 /* MealBuilder.h */,
				E9B33C39203FB81900831BF9 /* MealBuilder.m */,
			);
			path = "建造者模式";
			sourceTree = "<group>";
		};
/* End PBXGroup section */

/* Begin PBXNativeTarget section */
		E993A38020301B6C007F0490 /* 设计模式 */ = {
			isa = PBXNativeTarget;
			buildConfigurationList = E993A39720301B6C007F0490 /* Build configuration list for PBXNativeTarget "设计模式" */;
			buildPhases = (
				E993A37D20301B6C007F0490 /* Sources */,
				E993A37E20301B6C007F0490 /* Frameworks */,
				E993A37F20301B6C007F0490 /* Resources */,
			);
			buildRules = (
			);
			dependencies = (
			);
			name = "设计模式";
			productName = "设计模式";
			productReference = E993A38120301B6C007F0490 /* 设计模式.app */;
			productType = "com.apple.product-type.application";
		};
/* End PBXNativeTarget section */

/* Begin PBXProject section */
		E993A37920301B6C007F0490 /* Project object */ = {
			isa = PBXProject;
			attributes = {
				LastUpgradeCheck = 0900;
				ORGANIZATIONNAME = "卢杰";
				TargetAttributes = {
					E993A38020301B6C007F0490 = {
						CreatedOnToolsVersion = 9.0;
						ProvisioningStyle = Automatic;
					};
				};
			};
			buildConfigurationList = E993A37C20301B6C007F0490 /* Build configuration list for PBXProject "设计模式" */;
			compatibilityVersion = "Xcode 8.0";
			developmentRegion = en;
			hasScannedForEncodings = 0;
			knownRegions = (
				en,
				Base,
			);
			mainGroup = E993A37820301B6C007F0490;
			productRefGroup = E993A38220301B6C007F0490 /* Products */;
			projectDirPath = "";
			projectRoot = "";
			targets = (
				E993A38020301B6C007F0490 /* 设计模式 */,
			);
		};
/* End PBXProject section */

/* Begin PBXResourcesBuildPhase section */
		E993A37F20301B6C007F0490 /* Resources */ = {
			isa = PBXResourcesBuildPhase;
			buildActionMask = 2147483647;
			files = (
				E993A39120301B6C007F0490 /* LaunchScreen.storyboard in Resources */,
				E993A38E20301B6C007F0490 /* Assets.xcassets in Resources */,
				E993A38C20301B6C007F0490 /* Main.storyboard in Resources */,
			);
			runOnlyForDeploymentPostprocessing = 0;
		};
/* End PBXResourcesBuildPhase section */

/* Begin PBXSourcesBuildPhase section */
		E993A37D20301B6C007F0490 /* Sources */ = {
			isa = PBXSourcesBuildPhase;
			buildActionMask = 2147483647;
			files = (
				E96642C420413B7C0000ADF6 /* VlcPlayer.m in Sources */,
				E96642C720413BD90000ADF6 /* Mp4Player.m in Sources */,
				E9B33C0B203EA31F00831BF9 /* Red.m in Sources */,
				E9B33C0E203EA35E00831BF9 /* Blue.m in Sources */,
				E9B33C1A203FAF1E00831BF9 /* Wrapper.m in Sources */,
				E9B33C14203EA42300831BF9 /* AbstractFactory.m in Sources */,
				E9248F962043AE72005FDA30 /* CircleSuper.m in Sources */,
				E993A3C420302B8E007F0490 /* Circle.m in Sources */,
				E993A3C520302B8E007F0490 /* ShapeManager.m in Sources */,
				E993A3C620302B8E007F0490 /* Square.m in Sources */,
				E9B33C28203FB33D00831BF9 /* VegBurger.m in Sources */,
				E9B33C11203EA3AF00831BF9 /* ColorFactory.m in Sources */,
				E993A3C720302B8E007F0490 /* Germ.m in Sources */,
				E9B33C2B203FB36E00831BF9 /* ChickenBurger.m in Sources */,
				E96642CD2041407D0000ADF6 /* AudioPlayer.m in Sources */,
				E9248F992043B1E0005FDA30 /* ShapeAbstract.m in Sources */,
				E993A38920301B6C007F0490 /* ViewController.m in Sources */,
				E96642CA20413C260000ADF6 /* MediaAdapter.m in Sources */,
				E993A39420301B6C007F0490 /* main.m in Sources */,
				E9B33C2E203FB39B00831BF9 /* Coke.m in Sources */,
				E9B33C03203E9CF400831BF9 /* Bus.m in Sources */,
				E9B33C31203FB3B300831BF9 /* Pepsi.m in Sources */,
				E9B33C3A203FB81900831BF9 /* MealBuilder.m in Sources */,
				E9353B8A2043A2940048F39F /* GreenCircle.m in Sources */,
				E9B33C06203E9D3F00831BF9 /* CarFactory.m in Sources */,
				E9B33C34203FB3F800831BF9 /* Meal.m in Sources */,
				E9B33C1D203FB00500831BF9 /* Bottle.m in Sources */,
				E9B33C25203FB2C300831BF9 /* ColdDrink.m in Sources */,
				E9B33C20203FB05300831BF9 /* Burger.m in Sources */,
				E9B33C00203E9CB600831BF9 /* SUV.m in Sources */,
				E9353B872043A2210048F39F /* RedCircle.m in Sources */,
				E993A38620301B6C007F0490 /* AppDelegate.m in Sources */,
				E9B33C37203FB5E100831BF9 /* ItemBase.m in Sources */,
			);
			runOnlyForDeploymentPostprocessing = 0;
		};
/* End PBXSourcesBuildPhase section */

/* Begin PBXVariantGroup section */
		E993A38A20301B6C007F0490 /* Main.storyboard */ = {
			isa = PBXVariantGroup;
			children = (
				E993A38B20301B6C007F0490 /* Base */,
			);
			name = Main.storyboard;
			sourceTree = "<group>";
		};
		E993A38F20301B6C007F0490 /* LaunchScreen.storyboard */ = {
			isa = PBXVariantGroup;
			children = (
				E993A39020301B6C007F0490 /* Base */,
			);
			name = LaunchScreen.storyboard;
			sourceTree = "<group>";
		};
/* End PBXVariantGroup section */

/* Begin XCBuildConfiguration section */
		E993A39520301B6C007F0490 /* Debug */ = {
			isa = XCBuildConfiguration;
			buildSettings = {
				ALWAYS_SEARCH_USER_PATHS = NO;
				CLANG_ANALYZER_NONNULL = YES;
				CLANG_ANALYZER_NUMBER_OBJECT_CONVERSION = YES_AGGRESSIVE;
				CLANG_CXX_LANGUAGE_STANDARD = "gnu++14";
				CLANG_CXX_LIBRARY = "libc++";
				CLANG_ENABLE_MODULES = YES;
				CLANG_ENABLE_OBJC_ARC = YES;
				CLANG_WARN_BLOCK_CAPTURE_AUTORELEASING = YES;
				CLANG_WARN_BOOL_CONVERSION = YES;
				CLANG_WARN_COMMA = YES;
				CLANG_WARN_CONSTANT_CONVERSION = YES;
				CLANG_WARN_DIRECT_OBJC_ISA_USAGE = YES_ERROR;
				CLANG_WARN_DOCUMENTATION_COMMENTS = YES;
				CLANG_WARN_EMPTY_BODY = YES;
				CLANG_WARN_ENUM_CONVERSION = YES;
				CLANG_WARN_INFINITE_RECURSION = YES;
				CLANG_WARN_INT_CONVERSION = YES;
				CLANG_WARN_NON_LITERAL_NULL_CONVERSION = YES;
				CLANG_WARN_OBJC_LITERAL_CONVERSION = YES;
				CLANG_WARN_OBJC_ROOT_CLASS = YES_ERROR;
				CLANG_WARN_RANGE_LOOP_ANALYSIS = YES;
				CLANG_WARN_STRICT_PROTOTYPES = YES;
				CLANG_WARN_SUSPICIOUS_MOVE = YES;
				CLANG_WARN_UNGUARDED_AVAILABILITY = YES_AGGRESSIVE;
				CLANG_WARN_UNREACHABLE_CODE = YES;
				CLANG_WARN__DUPLICATE_METHOD_MATCH = YES;
				CODE_SIGN_IDENTITY = "iPhone Developer";
				COPY_PHASE_STRIP = NO;
				DEBUG_INFORMATION_FORMAT = dwarf;
				ENABLE_STRICT_OBJC_MSGSEND = YES;
				ENABLE_TESTABILITY = YES;
				GCC_C_LANGUAGE_STANDARD = gnu11;
				GCC_DYNAMIC_NO_PIC = NO;
				GCC_NO_COMMON_BLOCKS = YES;
				GCC_OPTIMIZATION_LEVEL = 0;
				GCC_PREPROCESSOR_DEFINITIONS = (
					"DEBUG=1",
					"$(inherited)",
				);
				GCC_WARN_64_TO_32_BIT_CONVERSION = YES;
				GCC_WARN_ABOUT_RETURN_TYPE = YES_ERROR;
				GCC_WARN_UNDECLARED_SELECTOR = YES;
				GCC_WARN_UNINITIALIZED_AUTOS = YES_AGGRESSIVE;
				GCC_WARN_UNUSED_FUNCTION = YES;
				GCC_WARN_UNUSED_VARIABLE = YES;
				IPHONEOS_DEPLOYMENT_TARGET = 11.0;
				MTL_ENABLE_DEBUG_INFO = YES;
				ONLY_ACTIVE_ARCH = YES;
				SDKROOT = iphoneos;
			};
			name = Debug;
		};
		E993A39620301B6C007F0490 /* Release */ = {
			isa = XCBuildConfiguration;
			buildSettings = {
				ALWAYS_SEARCH_USER_PATHS = NO;
				CLANG_ANALYZER_NONNULL = YES;
				CLANG_ANALYZER_NUMBER_OBJECT_CONVERSION = YES_AGGRESSIVE;
				CLANG_CXX_LANGUAGE_STANDARD = "gnu++14";
				CLANG_CXX_LIBRARY = "libc++";
				CLANG_ENABLE_MODULES = YES;
				CLANG_ENABLE_OBJC_ARC = YES;
				CLANG_WARN_BLOCK_CAPTURE_AUTORELEASING = YES;
				CLANG_WARN_BOOL_CONVERSION = YES;
				CLANG_WARN_COMMA = YES;
				CLANG_WARN_CONSTANT_CONVERSION = YES;
				CLANG_WARN_DIRECT_OBJC_ISA_USAGE = YES_ERROR;
				CLANG_WARN_DOCUMENTATION_COMMENTS = YES;
				CLANG_WARN_EMPTY_BODY = YES;
				CLANG_WARN_ENUM_CONVERSION = YES;
				CLANG_WARN_INFINITE_RECURSION = YES;
				CLANG_WARN_INT_CONVERSION = YES;
				CLANG_WARN_NON_LITERAL_NULL_CONVERSION = YES;
				CLANG_WARN_OBJC_LITERAL_CONVERSION = YES;
				CLANG_WARN_OBJC_ROOT_CLASS = YES_ERROR;
				CLANG_WARN_RANGE_LOOP_ANALYSIS = YES;
				CLANG_WARN_STRICT_PROTOTYPES = YES;
				CLANG_WARN_SUSPICIOUS_MOVE = YES;
				CLANG_WARN_UNGUARDED_AVAILABILITY = YES_AGGRESSIVE;
				CLANG_WARN_UNREACHABLE_CODE = YES;
				CLANG_WARN__DUPLICATE_METHOD_MATCH = YES;
				CODE_SIGN_IDENTITY = "iPhone Developer";
				COPY_PHASE_STRIP = NO;
				DEBUG_INFORMATION_FORMAT = "dwarf-with-dsym";
				ENABLE_NS_ASSERTIONS = NO;
				ENABLE_STRICT_OBJC_MSGSEND = YES;
				GCC_C_LANGUAGE_STANDARD = gnu11;
				GCC_NO_COMMON_BLOCKS = YES;
				GCC_WARN_64_TO_32_BIT_CONVERSION = YES;
				GCC_WARN_ABOUT_RETURN_TYPE = YES_ERROR;
				GCC_WARN_UNDECLARED_SELECTOR = YES;
				GCC_WARN_UNINITIALIZED_AUTOS = YES_AGGRESSIVE;
				GCC_WARN_UNUSED_FUNCTION = YES;
				GCC_WARN_UNUSED_VARIABLE = YES;
				IPHONEOS_DEPLOYMENT_TARGET = 11.0;
				MTL_ENABLE_DEBUG_INFO = NO;
				SDKROOT = iphoneos;
				VALIDATE_PRODUCT = YES;
			};
			name = Release;
		};
		E993A39820301B6C007F0490 /* Debug */ = {
			isa = XCBuildConfiguration;
			buildSettings = {
				ASSETCATALOG_COMPILER_APPICON_NAME = AppIcon;
				CODE_SIGN_STYLE = Automatic;
				INFOPLIST_FILE = "设计模式/Info.plist";
				LD_RUNPATH_SEARCH_PATHS = "$(inherited) @executable_path/Frameworks";
				PRODUCT_BUNDLE_IDENTIFIER = "com.JL.----";
				PRODUCT_NAME = "$(TARGET_NAME)";
				TARGETED_DEVICE_FAMILY = "1,2";
			};
			name = Debug;
		};
		E993A39920301B6C007F0490 /* Release */ = {
			isa = XCBuildConfiguration;
			buildSettings = {
				ASSETCATALOG_COMPILER_APPICON_NAME = AppIcon;
				CODE_SIGN_STYLE = Automatic;
				INFOPLIST_FILE = "设计模式/Info.plist";
				LD_RUNPATH_SEARCH_PATHS = "$(inherited) @executable_path/Frameworks";
				PRODUCT_BUNDLE_IDENTIFIER = "com.JL.----";
				PRODUCT_NAME = "$(TARGET_NAME)";
				TARGETED_DEVICE_FAMILY = "1,2";
			};
			name = Release;
		};
/* End XCBuildConfiguration section */

/* Begin XCConfigurationList section */
		E993A37C20301B6C007F0490 /* Build configuration list for PBXProject "设计模式" */ = {
			isa = XCConfigurationList;
			buildConfigurations = (
				E993A39520301B6C007F0490 /* Debug */,
				E993A39620301B6C007F0490 /* Release */,
			);
			defaultConfigurationIsVisible = 0;
			defaultConfigurationName = Release;
		};
		E993A39720301B6C007F0490 /* Build configuration list for PBXNativeTarget "设计模式" */ = {
			isa = XCConfigurationList;
			buildConfigurations = (
				E993A39820301B6C007F0490 /* Debug */,
				E993A39920301B6C007F0490 /* Release */,
			);
			defaultConfigurationIsVisible = 0;
			defaultConfigurationName = Release;
		};
/* End XCConfigurationList section */
	};
	rootObject = E993A37920301B6C007F0490 /* Project object */;
}
